
Microsoft Visual Studio Solution File, Format Version 12.00
# Visual Studio 15
VisualStudioVersion = 15.0.27130.2027
MinimumVisualStudioVersion = 10.0.40219.1
Project("{FAE04EC0-301F-11D3-BF4B-00C04F79EFBC}") = "ExampleIntegrationNugetActivities.Core", "ExampleIntegrationNugetActivities.Core\ExampleIntegrationNugetActivities.Core.csproj", "{4E9B8C41-8F01-4E4B-8F59-3BCED7DA2CDD}"
EndProject
Global
	GlobalSection(SolutionConfigurationPlatforms) = preSolution
		Debug|Any CPU = Debug|Any CPU
		Release|Any CPU = Release|Any CPU
	EndGlobalSection
	GlobalSection(ProjectConfigurationPlatforms) = postSolution
		{4E9B8C41-8F01-4E4B-8F59-3BCED7DA2CDD}.Debug|Any CPU.ActiveCfg = Debug|Any CPU
		{4E9B8C41-8F01-4E4B-8F59-3BCED7DA2CDD}.Debug|Any CPU.Build.0 = Debug|Any CPU
		{4E9B8C41-8F01-4E4B-8F59-3BCED7DA2CDD}.Release|Any CPU.ActiveCfg = Release|Any CPU
		{4E9B8C41-8F01-4E4B-8F59-3BCED7DA2CDD}.Release|Any CPU.Build.0 = Release|Any CPU
	EndGlobalSection
	GlobalSection(SolutionProperties) = preSolution
		HideSolutionNode = FALSE
	EndGlobalSection
	GlobalSection(ExtensibilityGlobals) = postSolution
		SolutionGuid = {8A01C80C-51FB-438C-BD12-0887AA6ACDEC}
	EndGlobalSection
EndGlobal
